{
  "name": "@vinraiwip/calculator",
  "version": "2.0.4",
  "lockfileVersion": 1,
  "requires": true,
  "dependencies": {
    "@vinraiwip/add": {
      "version": "2.0.3",
      "resolved": "https://registry.npmjs.org/@vinraiwip/add/-/add-2.0.3.tgz",
      "integrity": "sha512-49qyC8FwhQpqpZoJ61jGQlENUOj/goYktvvsvo+jvG9dVRA0ZhhtuIHj8Gku91eUDs/aSm4EEovfWVhO/JDY2Q=="
    },
    "@vinraiwip/div": {
      "version": "2.0.3",
      "resolved": "https://registry.npmjs.org/@vinraiwip/div/-/div-2.0.3.tgz",
      "integrity": "sha512-9aP1yWT5cPiqujTukLythUJFjvsmfmErPiEOH6N/l7rDvJ8joqFCvASkiW0AFtGoqpq2O0ZN6jgjBL59ngyOuA=="
    },
    "@vinraiwip/mul": {
      "version": "2.0.2",
      "resolved": "https://registry.npmjs.org/@vinraiwip/mul/-/mul-2.0.2.tgz",
      "integrity": "sha512-hrFhcPlGVX6WsFltnLohZKPPU3AXzBSPqP7aGH4XFhnwQdjcB81rUVqBY3iaKqJjFg378Fhs8xWyBH0fXHULjA=="
    },
    "@vinraiwip/sub": {
      "version": "2.0.5",
      "resolved": "https://registry.npmjs.org/@vinraiwip/sub/-/sub-2.0.5.tgz",
      "integrity": "sha512-7Knw4OF7pcpdMlxEiDMQtQCmNgxq7pdwWVPe+tAaVnVTaoSdYYZUH2e3n58iy8/lu1barhmllgNfyqFLUQFPoQ=="
    }
  }
}
